
Microsoft Visual Studio Solution File, Format Version 12.00
# Visual Studio Version 17
VisualStudioVersion = 17.2.32519.379
MinimumVisualStudioVersion = 10.0.40219.1
Project("{FAE04EC0-301F-11D3-BF4B-00C04F79EFBC}") = "Second", "Second.csproj", "{60438A55-1A07-4D08-B812-1F5842223BCC}"
EndProject
Global
	GlobalSection(SolutionConfigurationPlatforms) = preSolution
		Debug|Any CPU = Debug|Any CPU
		Release|Any CPU = Release|Any CPU
	EndGlobalSection
	GlobalSection(ProjectConfigurationPlatforms) = postSolution
		{60438A55-1A07-4D08-B812-1F5842223BCC}.Debug|Any CPU.ActiveCfg = Debug|Any CPU
		{60438A55-1A07-4D08-B812-1F5842223BCC}.Debug|Any CPU.Build.0 = Debug|Any CPU
		{60438A55-1A07-4D08-B812-1F5842223BCC}.Release|Any CPU.ActiveCfg = Release|Any CPU
		{60438A55-1A07-4D08-B812-1F5842223BCC}.Release|Any CPU.Build.0 = Release|Any CPU
	EndGlobalSection
	GlobalSection(SolutionProperties) = preSolution
		HideSolutionNode = FALSE
	EndGlobalSection
	GlobalSection(ExtensibilityGlobals) = postSolution
		SolutionGuid = {B3934927-3E80-4833-87C9-CFD00AB8C530}
	EndGlobalSection
EndGlobal
